
Microsoft Visual Studio Solution File, Format Version 12.00
# Visual Studio Version 17
VisualStudioVersion = 17.1.32421.90
MinimumVisualStudioVersion = 10.0.40219.1
Project("{FAE04EC0-301F-11D3-BF4B-00C04F79EFBC}") = "ProjetoIntegrador", "ProjetoIntegrador\ProjetoIntegrador.csproj", "{219D9FBD-ED3B-42DC-B835-09D77BDE6B00}"
EndProject
Global
	GlobalSection(SolutionConfigurationPlatforms) = preSolution
		Debug|Any CPU = Debug|Any CPU
		Release|Any CPU = Release|Any CPU
	EndGlobalSection
	GlobalSection(ProjectConfigurationPlatforms) = postSolution
		{219D9FBD-ED3B-42DC-B835-09D77BDE6B00}.Debug|Any CPU.ActiveCfg = Debug|Any CPU
		{219D9FBD-ED3B-42DC-B835-09D77BDE6B00}.Debug|Any CPU.Build.0 = Debug|Any CPU
		{219D9FBD-ED3B-42DC-B835-09D77BDE6B00}.Release|Any CPU.ActiveCfg = Release|Any CPU
		{219D9FBD-ED3B-42DC-B835-09D77BDE6B00}.Release|Any CPU.Build.0 = Release|Any CPU
	EndGlobalSection
	GlobalSection(SolutionProperties) = preSolution
		HideSolutionNode = FALSE
	EndGlobalSection
	GlobalSection(ExtensibilityGlobals) = postSolution
		SolutionGuid = {2E6C5435-D9A7-4D32-8067-717B841648F9}
	EndGlobalSection
EndGlobal
